
Microsoft Visual Studio Solution File, Format Version 12.00
# Visual Studio Version 16
VisualStudioVersion = 16.0.31911.196
MinimumVisualStudioVersion = 10.0.40219.1
Project("{9A19103F-16F7-4668-BE54-9A1E7A4F7556}") = "BallsConsole", "BallsConsole\BallsConsole.csproj", "{40563E0E-6133-4629-8C14-147529D438D5}"
EndProject
Project("{54435603-DBB4-11D2-8724-00A0C9A8B90C}") = "BallsSetup", "BallsSetup\BallsSetup.vdproj", "{E7540113-71BA-4D61-9F0A-502A840CD682}"
EndProject
Global
	GlobalSection(SolutionConfigurationPlatforms) = preSolution
		Debug|Any CPU = Debug|Any CPU
		Release|Any CPU = Release|Any CPU
	EndGlobalSection
	GlobalSection(ProjectConfigurationPlatforms) = postSolution
		{40563E0E-6133-4629-8C14-147529D438D5}.Debug|Any CPU.ActiveCfg = Release|Any CPU
		{40563E0E-6133-4629-8C14-147529D438D5}.Debug|Any CPU.Build.0 = Release|Any CPU
		{40563E0E-6133-4629-8C14-147529D438D5}.Release|Any CPU.ActiveCfg = Release|Any CPU
		{40563E0E-6133-4629-8C14-147529D438D5}.Release|Any CPU.Build.0 = Release|Any CPU
		{E7540113-71BA-4D61-9F0A-502A840CD682}.Debug|Any CPU.ActiveCfg = Debug
		{E7540113-71BA-4D61-9F0A-502A840CD682}.Release|Any CPU.ActiveCfg = Release
	EndGlobalSection
	GlobalSection(SolutionProperties) = preSolution
		HideSolutionNode = FALSE
	EndGlobalSection
	GlobalSection(ExtensibilityGlobals) = postSolution
		SolutionGuid = {38675B7B-E479-4CE3-935F-246EEEC338B3}
	EndGlobalSection
EndGlobal
